
Microsoft Visual Studio Solution File, Format Version 12.00
# Visual Studio 15
VisualStudioVersion = 15.0.28010.2003
MinimumVisualStudioVersion = 10.0.40219.1
Project("{FAE04EC0-301F-11D3-BF4B-00C04F79EFBC}") = "poker1", "ConsoleApp9\poker1.csproj", "{DD3E74C9-E769-418C-A47F-F062F1B51972}"
EndProject
Global
	GlobalSection(SolutionConfigurationPlatforms) = preSolution
		Debug|Any CPU = Debug|Any CPU
		Release|Any CPU = Release|Any CPU
	EndGlobalSection
	GlobalSection(ProjectConfigurationPlatforms) = postSolution
		{DD3E74C9-E769-418C-A47F-F062F1B51972}.Debug|Any CPU.ActiveCfg = Debug|Any CPU
		{DD3E74C9-E769-418C-A47F-F062F1B51972}.Debug|Any CPU.Build.0 = Debug|Any CPU
		{DD3E74C9-E769-418C-A47F-F062F1B51972}.Release|Any CPU.ActiveCfg = Release|Any CPU
		{DD3E74C9-E769-418C-A47F-F062F1B51972}.Release|Any CPU.Build.0 = Release|Any CPU
	EndGlobalSection
	GlobalSection(SolutionProperties) = preSolution
		HideSolutionNode = FALSE
	EndGlobalSection
	GlobalSection(ExtensibilityGlobals) = postSolution
		SolutionGuid = {6FBD18CD-E54E-42FB-8FDF-E530E2731787}
	EndGlobalSection
EndGlobal
